
Microsoft Visual Studio Solution File, Format Version 12.00
# Visual Studio 15
VisualStudioVersion = 15.0.28010.2016
MinimumVisualStudioVersion = 10.0.40219.1
Project("{8BC9CEB8-8B4A-11D0-8D11-00A0C91BC942}") = "LinkedList_Example", "LinkedList_Example.vcxproj", "{C3602C48-489F-4589-A5F2-3B55B93D0BBD}"
EndProject
Global
	GlobalSection(SolutionConfigurationPlatforms) = preSolution
		Debug|x64 = Debug|x64
		Debug|x86 = Debug|x86
		Release|x64 = Release|x64
		Release|x86 = Release|x86
	EndGlobalSection
	GlobalSection(ProjectConfigurationPlatforms) = postSolution
		{C3602C48-489F-4589-A5F2-3B55B93D0BBD}.Debug|x64.ActiveCfg = Debug|x64
		{C3602C48-489F-4589-A5F2-3B55B93D0BBD}.Debug|x64.Build.0 = Debug|x64
		{C3602C48-489F-4589-A5F2-3B55B93D0BBD}.Debug|x86.ActiveCfg = Debug|Win32
		{C3602C48-489F-4589-A5F2-3B55B93D0BBD}.Debug|x86.Build.0 = Debug|Win32
		{C3602C48-489F-4589-A5F2-3B55B93D0BBD}.Release|x64.ActiveCfg = Release|x64
		{C3602C48-489F-4589-A5F2-3B55B93D0BBD}.Release|x64.Build.0 = Release|x64
		{C3602C48-489F-4589-A5F2-3B55B93D0BBD}.Release|x86.ActiveCfg = Release|Win32
		{C3602C48-489F-4589-A5F2-3B55B93D0BBD}.Release|x86.Build.0 = Release|Win32
	EndGlobalSection
	GlobalSection(SolutionProperties) = preSolution
		HideSolutionNode = FALSE
	EndGlobalSection
	GlobalSection(ExtensibilityGlobals) = postSolution
		SolutionGuid = {D84860F6-4EEF-49E9-995A-CDE4204C084F}
	EndGlobalSection
EndGlobal
